// !$*UTF8*$!
{
	archiveVersion = 1;
	classes = {
	};
	objectVersion = 46;
	objects = {

/* Begin PBXAggregateTarget section */
		"ipa-parse::ipa-parsePackageTests::ProductTarget" /* ipa-parsePackageTests */ = {
			isa = PBXAggregateTarget;
			buildConfigurationList = OBJ_48 /* Build configuration list for PBXAggregateTarget "ipa-parsePackageTests" */;
			buildPhases = (
			);
			dependencies = (
				OBJ_51 /* PBXTargetDependency */,
			);
			name = "ipa-parsePackageTests";
			productName = "ipa-parsePackageTests";
		};
/* End PBXAggregateTarget section */

/* Begin PBXBuildFile section */
		78C650522279E9BD005AD34A /* ParserErrors.swift in Sources */ = {isa = PBXBuildFile; fileRef = 78C650512279E9BD005AD34A /* ParserErrors.swift */; };
		78C65054227ADAAD005AD34A /* InfoPlist.swift in Sources */ = {isa = PBXBuildFile; fileRef = 78C65053227ADAAD005AD34A /* InfoPlist.swift */; };
		78C65056227ADCAB005AD34A /* Provisioning.swift in Sources */ = {isa = PBXBuildFile; fileRef = 78C65055227ADCAB005AD34A /* Provisioning.swift */; };
		78C65058227ADE00005AD34A /* Base64File.swift in Sources */ = {isa = PBXBuildFile; fileRef = 78C65057227ADE00005AD34A /* Base64File.swift */; };
		78C6505A227B042A005AD34A /* MobileProvision.swift in Sources */ = {isa = PBXBuildFile; fileRef = 78C65059227B042A005AD34A /* MobileProvision.swift */; };
		78C6505C227C5937005AD34A /* Certificate.swift in Sources */ = {isa = PBXBuildFile; fileRef = 78C6505B227C5937005AD34A /* Certificate.swift */; };
		OBJ_29 /* IpaParser.swift in Sources */ = {isa = PBXBuildFile; fileRef = OBJ_9 /* IpaParser.swift */; };
		OBJ_30 /* IpaDescription.swift in Sources */ = {isa = PBXBuildFile; fileRef = OBJ_11 /* IpaDescription.swift */; };
		OBJ_37 /* main.swift in Sources */ = {isa = PBXBuildFile; fileRef = OBJ_13 /* main.swift */; };
		OBJ_39 /* IpaParserLib.framework in Frameworks */ = {isa = PBXBuildFile; fileRef = "ipa-parse::IpaParserLib::Product" /* IpaParserLib.framework */; };
		OBJ_46 /* Package.swift in Sources */ = {isa = PBXBuildFile; fileRef = OBJ_6 /* Package.swift */; };
		OBJ_57 /* IpaInfoPlist.swift in Sources */ = {isa = PBXBuildFile; fileRef = OBJ_16 /* IpaInfoPlist.swift */; };
		OBJ_58 /* IpaParserTests.swift in Sources */ = {isa = PBXBuildFile; fileRef = OBJ_17 /* IpaParserTests.swift */; };
		OBJ_59 /* XCTestManifests.swift in Sources */ = {isa = PBXBuildFile; fileRef = OBJ_18 /* XCTestManifests.swift */; };
		OBJ_60 /* ipa_parseTests.swift in Sources */ = {isa = PBXBuildFile; fileRef = OBJ_19 /* ipa_parseTests.swift */; };
		OBJ_62 /* IpaParserLib.framework in Frameworks */ = {isa = PBXBuildFile; fileRef = "ipa-parse::IpaParserLib::Product" /* IpaParserLib.framework */; };
/* End PBXBuildFile section */

/* Begin PBXContainerItemProxy section */
		78C6504D2279B3E1005AD34A /* PBXContainerItemProxy */ = {
			isa = PBXContainerItemProxy;
			containerPortal = OBJ_1 /* Project object */;
			proxyType = 1;
			remoteGlobalIDString = "ipa-parse::IpaParserLib";
			remoteInfo = IpaParserLib;
		};
		78C6504E2279B3E1005AD34A /* PBXContainerItemProxy */ = {
			isa = PBXContainerItemProxy;
			containerPortal = OBJ_1 /* Project object */;
			proxyType = 1;
			remoteGlobalIDString = "ipa-parse::IpaParserLib";
			remoteInfo = IpaParserLib;
		};
		78C6504F2279B3E1005AD34A /* PBXContainerItemProxy */ = {
			isa = PBXContainerItemProxy;
			containerPortal = OBJ_1 /* Project object */;
			proxyType = 1;
			remoteGlobalIDString = "ipa-parse::ipa-parseTests";
			remoteInfo = "ipa-parseTests";
		};
/* End PBXContainerItemProxy section */

/* Begin PBXFileReference section */
		78C650512279E9BD005AD34A /* ParserErrors.swift */ = {isa = PBXFileReference; lastKnownFileType = sourcecode.swift; path = ParserErrors.swift; sourceTree = "<group>"; };
		78C65053227ADAAD005AD34A /* InfoPlist.swift */ = {isa = PBXFileReference; lastKnownFileType = sourcecode.swift; path = InfoPlist.swift; sourceTree = "<group>"; };
		78C65055227ADCAB005AD34A /* Provisioning.swift */ = {isa = PBXFileReference; lastKnownFileType = sourcecode.swift; path = Provisioning.swift; sourceTree = "<group>"; };
		78C65057227ADE00005AD34A /* Base64File.swift */ = {isa = PBXFileReference; lastKnownFileType = sourcecode.swift; path = Base64File.swift; sourceTree = "<group>"; };
		78C65059227B042A005AD34A /* MobileProvision.swift */ = {isa = PBXFileReference; lastKnownFileType = sourcecode.swift; path = MobileProvision.swift; sourceTree = "<group>"; };
		78C6505B227C5937005AD34A /* Certificate.swift */ = {isa = PBXFileReference; lastKnownFileType = sourcecode.swift; path = Certificate.swift; sourceTree = "<group>"; };
		OBJ_11 /* IpaDescription.swift */ = {isa = PBXFileReference; lastKnownFileType = sourcecode.swift; path = IpaDescription.swift; sourceTree = "<group>"; };
		OBJ_13 /* main.swift */ = {isa = PBXFileReference; lastKnownFileType = sourcecode.swift; path = main.swift; sourceTree = "<group>"; };
		OBJ_16 /* IpaInfoPlist.swift */ = {isa = PBXFileReference; lastKnownFileType = sourcecode.swift; path = IpaInfoPlist.swift; sourceTree = "<group>"; };
		OBJ_17 /* IpaParserTests.swift */ = {isa = PBXFileReference; lastKnownFileType = sourcecode.swift; path = IpaParserTests.swift; sourceTree = "<group>"; };
		OBJ_18 /* XCTestManifests.swift */ = {isa = PBXFileReference; lastKnownFileType = sourcecode.swift; path = XCTestManifests.swift; sourceTree = "<group>"; };
		OBJ_19 /* ipa_parseTests.swift */ = {isa = PBXFileReference; lastKnownFileType = sourcecode.swift; path = ipa_parseTests.swift; sourceTree = "<group>"; };
		OBJ_6 /* Package.swift */ = {isa = PBXFileReference; explicitFileType = sourcecode.swift; path = Package.swift; sourceTree = "<group>"; };
		OBJ_9 /* IpaParser.swift */ = {isa = PBXFileReference; lastKnownFileType = sourcecode.swift; path = IpaParser.swift; sourceTree = "<group>"; };
		"ipa-parse::IpaParserLib::Product" /* IpaParserLib.framework */ = {isa = PBXFileReference; lastKnownFileType = wrapper.framework; path = IpaParserLib.framework; sourceTree = BUILT_PRODUCTS_DIR; };
		"ipa-parse::ipa-parse::Product" /* ipa-parse */ = {isa = PBXFileReference; lastKnownFileType = text; path = "ipa-parse"; sourceTree = BUILT_PRODUCTS_DIR; };
		"ipa-parse::ipa-parseTests::Product" /* ipa_parseTests.xctest */ = {isa = PBXFileReference; lastKnownFileType = file; name = ipa_parseTests.xctest; path = "ipa-parseTests.xctest"; sourceTree = BUILT_PRODUCTS_DIR; };
/* End PBXFileReference section */

/* Begin PBXFrameworksBuildPhase section */
		OBJ_31 /* Frameworks */ = {
			isa = PBXFrameworksBuildPhase;
			buildActionMask = 0;
			files = (
			);
			runOnlyForDeploymentPostprocessing = 0;
		};
		OBJ_38 /* Frameworks */ = {
			isa = PBXFrameworksBuildPhase;
			buildActionMask = 0;
			files = (
				OBJ_39 /* IpaParserLib.framework in Frameworks */,
			);
			runOnlyForDeploymentPostprocessing = 0;
		};
		OBJ_61 /* Frameworks */ = {
			isa = PBXFrameworksBuildPhase;
			buildActionMask = 0;
			files = (
				OBJ_62 /* IpaParserLib.framework in Frameworks */,
			);
			runOnlyForDeploymentPostprocessing = 0;
		};
/* End PBXFrameworksBuildPhase section */

/* Begin PBXGroup section */
		78C650502279B52E005AD34A /* Helper */ = {
			isa = PBXGroup;
			children = (
				OBJ_16 /* IpaInfoPlist.swift */,
			);
			path = Helper;
			sourceTree = "<group>";
		};
		OBJ_10 /* Models */ = {
			isa = PBXGroup;
			children = (
				OBJ_11 /* IpaDescription.swift */,
				78C65053227ADAAD005AD34A /* InfoPlist.swift */,
				78C65055227ADCAB005AD34A /* Provisioning.swift */,
				78C6505B227C5937005AD34A /* Certificate.swift */,
				78C65057227ADE00005AD34A /* Base64File.swift */,
				78C65059227B042A005AD34A /* MobileProvision.swift */,
			);
			path = Models;
			sourceTree = "<group>";
		};
		OBJ_12 /* ipa-parse */ = {
			isa = PBXGroup;
			children = (
				OBJ_13 /* main.swift */,
			);
			name = "ipa-parse";
			path = "Sources/ipa-parse";
			sourceTree = SOURCE_ROOT;
		};
		OBJ_14 /* Tests */ = {
			isa = PBXGroup;
			children = (
				OBJ_15 /* ipa-parseTests */,
			);
			name = Tests;
			sourceTree = SOURCE_ROOT;
		};
		OBJ_15 /* ipa-parseTests */ = {
			isa = PBXGroup;
			children = (
				78C650502279B52E005AD34A /* Helper */,
				OBJ_17 /* IpaParserTests.swift */,
				OBJ_18 /* XCTestManifests.swift */,
				OBJ_19 /* ipa_parseTests.swift */,
			);
			name = "ipa-parseTests";
			path = "Tests/ipa-parseTests";
			sourceTree = SOURCE_ROOT;
		};
		OBJ_20 /* Products */ = {
			isa = PBXGroup;
			children = (
				"ipa-parse::ipa-parseTests::Product" /* ipa_parseTests.xctest */,
				"ipa-parse::IpaParserLib::Product" /* IpaParserLib.framework */,
				"ipa-parse::ipa-parse::Product" /* ipa-parse */,
			);
			name = Products;
			sourceTree = BUILT_PRODUCTS_DIR;
		};
		OBJ_5 /*  */ = {
			isa = PBXGroup;
			children = (
				OBJ_6 /* Package.swift */,
				OBJ_7 /* Sources */,
				OBJ_14 /* Tests */,
				OBJ_20 /* Products */,
			);
			name = "";
			sourceTree = "<group>";
		};
		OBJ_7 /* Sources */ = {
			isa = PBXGroup;
			children = (
				OBJ_8 /* IpaParserLib */,
				OBJ_12 /* ipa-parse */,
			);
			name = Sources;
			sourceTree = SOURCE_ROOT;
		};
		OBJ_8 /* IpaParserLib */ = {
			isa = PBXGroup;
			children = (
				OBJ_10 /* Models */,
				OBJ_9 /* IpaParser.swift */,
				78C650512279E9BD005AD34A /* ParserErrors.swift */,
			);
			name = IpaParserLib;
			path = Sources/IpaParserLib;
			sourceTree = SOURCE_ROOT;
		};
/* End PBXGroup section */

/* Begin PBXNativeTarget section */
		"ipa-parse::IpaParserLib" /* IpaParserLib */ = {
			isa = PBXNativeTarget;
			buildConfigurationList = OBJ_25 /* Build configuration list for PBXNativeTarget "IpaParserLib" */;
			buildPhases = (
				OBJ_28 /* Sources */,
				OBJ_31 /* Frameworks */,
			);
			buildRules = (
			);
			dependencies = (
			);
			name = IpaParserLib;
			productName = IpaParserLib;
			productReference = "ipa-parse::IpaParserLib::Product" /* IpaParserLib.framework */;
			productType = "com.apple.product-type.framework";
		};
		"ipa-parse::SwiftPMPackageDescription" /* ipa-parsePackageDescription */ = {
			isa = PBXNativeTarget;
			buildConfigurationList = OBJ_42 /* Build configuration list for PBXNativeTarget "ipa-parsePackageDescription" */;
			buildPhases = (
				OBJ_45 /* Sources */,
			);
			buildRules = (
			);
			dependencies = (
			);
			name = "ipa-parsePackageDescription";
			productName = "ipa-parsePackageDescription";
			productType = "com.apple.product-type.framework";
		};
		"ipa-parse::ipa-parse" /* ipa-parse */ = {
			isa = PBXNativeTarget;
			buildConfigurationList = OBJ_33 /* Build configuration list for PBXNativeTarget "ipa-parse" */;
			buildPhases = (
				OBJ_36 /* Sources */,
				OBJ_38 /* Frameworks */,
			);
			buildRules = (
			);
			dependencies = (
				OBJ_40 /* PBXTargetDependency */,
			);
			name = "ipa-parse";
			productName = ipa_parse;
			productReference = "ipa-parse::ipa-parse::Product" /* ipa-parse */;
			productType = "com.apple.product-type.tool";
		};
		"ipa-parse::ipa-parseTests" /* ipa-parseTests */ = {
			isa = PBXNativeTarget;
			buildConfigurationList = OBJ_53 /* Build configuration list for PBXNativeTarget "ipa-parseTests" */;
			buildPhases = (
				OBJ_56 /* Sources */,
				OBJ_61 /* Frameworks */,
			);
			buildRules = (
			);
			dependencies = (
				OBJ_63 /* PBXTargetDependency */,
			);
			name = "ipa-parseTests";
			productName = ipa_parseTests;
			productReference = "ipa-parse::ipa-parseTests::Product" /* ipa_parseTests.xctest */;
			productType = "com.apple.product-type.bundle.unit-test";
		};
/* End PBXNativeTarget section */

/* Begin PBXProject section */
		OBJ_1 /* Project object */ = {
			isa = PBXProject;
			attributes = {
				LastSwiftMigration = 9999;
				LastUpgradeCheck = 9999;
			};
			buildConfigurationList = OBJ_2 /* Build configuration list for PBXProject "ipa-parse" */;
			compatibilityVersion = "Xcode 3.2";
			developmentRegion = English;
			hasScannedForEncodings = 0;
			knownRegions = (
				English,
				en,
			);
			mainGroup = OBJ_5 /*  */;
			productRefGroup = OBJ_20 /* Products */;
			projectDirPath = "";
			projectRoot = "";
			targets = (
				"ipa-parse::IpaParserLib" /* IpaParserLib */,
				"ipa-parse::ipa-parse" /* ipa-parse */,
				"ipa-parse::SwiftPMPackageDescription" /* ipa-parsePackageDescription */,
				"ipa-parse::ipa-parsePackageTests::ProductTarget" /* ipa-parsePackageTests */,
				"ipa-parse::ipa-parseTests" /* ipa-parseTests */,
			);
		};
/* End PBXProject section */

/* Begin PBXSourcesBuildPhase section */
		OBJ_28 /* Sources */ = {
			isa = PBXSourcesBuildPhase;
			buildActionMask = 0;
			files = (
				78C650522279E9BD005AD34A /* ParserErrors.swift in Sources */,
				78C65056227ADCAB005AD34A /* Provisioning.swift in Sources */,
				OBJ_29 /* IpaParser.swift in Sources */,
				78C65054227ADAAD005AD34A /* InfoPlist.swift in Sources */,
				78C6505A227B042A005AD34A /* MobileProvision.swift in Sources */,
				78C65058227ADE00005AD34A /* Base64File.swift in Sources */,
				OBJ_30 /* IpaDescription.swift in Sources */,
				78C6505C227C5937005AD34A /* Certificate.swift in Sources */,
			);
			runOnlyForDeploymentPostprocessing = 0;
		};
		OBJ_36 /* Sources */ = {
			isa = PBXSourcesBuildPhase;
			buildActionMask = 0;
			files = (
				OBJ_37 /* main.swift in Sources */,
			);
			runOnlyForDeploymentPostprocessing = 0;
		};
		OBJ_45 /* Sources */ = {
			isa = PBXSourcesBuildPhase;
			buildActionMask = 0;
			files = (
				OBJ_46 /* Package.swift in Sources */,
			);
			runOnlyForDeploymentPostprocessing = 0;
		};
		OBJ_56 /* Sources */ = {
			isa = PBXSourcesBuildPhase;
			buildActionMask = 0;
			files = (
				OBJ_57 /* IpaInfoPlist.swift in Sources */,
				OBJ_58 /* IpaParserTests.swift in Sources */,
				OBJ_59 /* XCTestManifests.swift in Sources */,
				OBJ_60 /* ipa_parseTests.swift in Sources */,
			);
			runOnlyForDeploymentPostprocessing = 0;
		};
/* End PBXSourcesBuildPhase section */

/* Begin PBXTargetDependency section */
		OBJ_40 /* PBXTargetDependency */ = {
			isa = PBXTargetDependency;
			target = "ipa-parse::IpaParserLib" /* IpaParserLib */;
			targetProxy = 78C6504D2279B3E1005AD34A /* PBXContainerItemProxy */;
		};
		OBJ_51 /* PBXTargetDependency */ = {
			isa = PBXTargetDependency;
			target = "ipa-parse::ipa-parseTests" /* ipa-parseTests */;
			targetProxy = 78C6504F2279B3E1005AD34A /* PBXContainerItemProxy */;
		};
		OBJ_63 /* PBXTargetDependency */ = {
			isa = PBXTargetDependency;
			target = "ipa-parse::IpaParserLib" /* IpaParserLib */;
			targetProxy = 78C6504E2279B3E1005AD34A /* PBXContainerItemProxy */;
		};
/* End PBXTargetDependency section */

/* Begin XCBuildConfiguration section */
		OBJ_26 /* Debug */ = {
			isa = XCBuildConfiguration;
			buildSettings = {
				ENABLE_TESTABILITY = YES;
				FRAMEWORK_SEARCH_PATHS = (
					"$(inherited)",
					"$(PLATFORM_DIR)/Developer/Library/Frameworks",
				);
				HEADER_SEARCH_PATHS = "$(inherited)";
				INFOPLIST_FILE = "ipa-parse.xcodeproj/IpaParserLib_Info.plist";
				IPHONEOS_DEPLOYMENT_TARGET = 8.0;
				LD_RUNPATH_SEARCH_PATHS = "$(inherited) $(TOOLCHAIN_DIR)/usr/lib/swift/macosx";
				MACOSX_DEPLOYMENT_TARGET = 10.10;
				OTHER_CFLAGS = "$(inherited)";
				OTHER_LDFLAGS = "$(inherited)";
				OTHER_SWIFT_FLAGS = "$(inherited)";
				PRODUCT_BUNDLE_IDENTIFIER = IpaParserLib;
				PRODUCT_MODULE_NAME = "$(TARGET_NAME:c99extidentifier)";
				PRODUCT_NAME = "$(TARGET_NAME:c99extidentifier)";
				SKIP_INSTALL = YES;
				SWIFT_ACTIVE_COMPILATION_CONDITIONS = "$(inherited)";
				SWIFT_VERSION = 5.0;
				TARGET_NAME = IpaParserLib;
				TVOS_DEPLOYMENT_TARGET = 9.0;
				WATCHOS_DEPLOYMENT_TARGET = 2.0;
			};
			name = Debug;
		};
		OBJ_27 /* Release */ = {
			isa = XCBuildConfiguration;
			buildSettings = {
				ENABLE_TESTABILITY = YES;
				FRAMEWORK_SEARCH_PATHS = (
					"$(inherited)",
					"$(PLATFORM_DIR)/Developer/Library/Frameworks",
				);
				HEADER_SEARCH_PATHS = "$(inherited)";
				INFOPLIST_FILE = "ipa-parse.xcodeproj/IpaParserLib_Info.plist";
				IPHONEOS_DEPLOYMENT_TARGET = 8.0;
				LD_RUNPATH_SEARCH_PATHS = "$(inherited) $(TOOLCHAIN_DIR)/usr/lib/swift/macosx";
				MACOSX_DEPLOYMENT_TARGET = 10.10;
				OTHER_CFLAGS = "$(inherited)";
				OTHER_LDFLAGS = "$(inherited)";
				OTHER_SWIFT_FLAGS = "$(inherited)";
				PRODUCT_BUNDLE_IDENTIFIER = IpaParserLib;
				PRODUCT_MODULE_NAME = "$(TARGET_NAME:c99extidentifier)";
				PRODUCT_NAME = "$(TARGET_NAME:c99extidentifier)";
				SKIP_INSTALL = YES;
				SWIFT_ACTIVE_COMPILATION_CONDITIONS = "$(inherited)";
				SWIFT_VERSION = 5.0;
				TARGET_NAME = IpaParserLib;
				TVOS_DEPLOYMENT_TARGET = 9.0;
				WATCHOS_DEPLOYMENT_TARGET = 2.0;
			};
			name = Release;
		};
		OBJ_3 /* Debug */ = {
			isa = XCBuildConfiguration;
			buildSettings = {
				CLANG_ENABLE_OBJC_ARC = YES;
				COMBINE_HIDPI_IMAGES = YES;
				COPY_PHASE_STRIP = NO;
				DEBUG_INFORMATION_FORMAT = dwarf;
				DYLIB_INSTALL_NAME_BASE = "@rpath";
				ENABLE_NS_ASSERTIONS = YES;
				GCC_OPTIMIZATION_LEVEL = 0;
				GCC_PREPROCESSOR_DEFINITIONS = (
					"$(inherited)",
					"SWIFT_PACKAGE=1",
					"DEBUG=1",
				);
				MACOSX_DEPLOYMENT_TARGET = 10.10;
				ONLY_ACTIVE_ARCH = YES;
				OTHER_SWIFT_FLAGS = "-DXcode";
				PRODUCT_NAME = "$(TARGET_NAME)";
				SDKROOT = macosx;
				SUPPORTED_PLATFORMS = "macosx iphoneos iphonesimulator appletvos appletvsimulator watchos watchsimulator";
				SWIFT_ACTIVE_COMPILATION_CONDITIONS = "$(inherited) SWIFT_PACKAGE DEBUG";
				SWIFT_OPTIMIZATION_LEVEL = "-Onone";
				USE_HEADERMAP = NO;
			};
			name = Debug;
		};
		OBJ_34 /* Debug */ = {
			isa = XCBuildConfiguration;
			buildSettings = {
				FRAMEWORK_SEARCH_PATHS = (
					"$(inherited)",
					"$(PLATFORM_DIR)/Developer/Library/Frameworks",
				);
				HEADER_SEARCH_PATHS = "$(inherited)";
				INFOPLIST_FILE = "ipa-parse.xcodeproj/ipa_parse_Info.plist";
				IPHONEOS_DEPLOYMENT_TARGET = 8.0;
				LD_RUNPATH_SEARCH_PATHS = "$(inherited) $(TOOLCHAIN_DIR)/usr/lib/swift/macosx @executable_path";
				MACOSX_DEPLOYMENT_TARGET = 10.10;
				OTHER_CFLAGS = "$(inherited)";
				OTHER_LDFLAGS = "$(inherited)";
				OTHER_SWIFT_FLAGS = "$(inherited)";
				SWIFT_ACTIVE_COMPILATION_CONDITIONS = "$(inherited)";
				SWIFT_FORCE_DYNAMIC_LINK_STDLIB = YES;
				SWIFT_FORCE_STATIC_LINK_STDLIB = NO;
				SWIFT_VERSION = 5.0;
				TARGET_NAME = "ipa-parse";
				TVOS_DEPLOYMENT_TARGET = 9.0;
				WATCHOS_DEPLOYMENT_TARGET = 2.0;
			};
			name = Debug;
		};
		OBJ_35 /* Release */ = {
			isa = XCBuildConfiguration;
			buildSettings = {
				FRAMEWORK_SEARCH_PATHS = (
					"$(inherited)",
					"$(PLATFORM_DIR)/Developer/Library/Frameworks",
				);
				HEADER_SEARCH_PATHS = "$(inherited)";
				INFOPLIST_FILE = "ipa-parse.xcodeproj/ipa_parse_Info.plist";
				IPHONEOS_DEPLOYMENT_TARGET = 8.0;
				LD_RUNPATH_SEARCH_PATHS = "$(inherited) $(TOOLCHAIN_DIR)/usr/lib/swift/macosx @executable_path";
				MACOSX_DEPLOYMENT_TARGET = 10.10;
				OTHER_CFLAGS = "$(inherited)";
				OTHER_LDFLAGS = "$(inherited)";
				OTHER_SWIFT_FLAGS = "$(inherited)";
				SWIFT_ACTIVE_COMPILATION_CONDITIONS = "$(inherited)";
				SWIFT_FORCE_DYNAMIC_LINK_STDLIB = YES;
				SWIFT_FORCE_STATIC_LINK_STDLIB = NO;
				SWIFT_VERSION = 5.0;
				TARGET_NAME = "ipa-parse";
				TVOS_DEPLOYMENT_TARGET = 9.0;
				WATCHOS_DEPLOYMENT_TARGET = 2.0;
			};
			name = Release;
		};
		OBJ_4 /* Release */ = {
			isa = XCBuildConfiguration;
			buildSettings = {
				CLANG_ENABLE_OBJC_ARC = YES;
				COMBINE_HIDPI_IMAGES = YES;
				COPY_PHASE_STRIP = YES;
				DEBUG_INFORMATION_FORMAT = "dwarf-with-dsym";
				DYLIB_INSTALL_NAME_BASE = "@rpath";
				GCC_OPTIMIZATION_LEVEL = s;
				GCC_PREPROCESSOR_DEFINITIONS = (
					"$(inherited)",
					"SWIFT_PACKAGE=1",
				);
				MACOSX_DEPLOYMENT_TARGET = 10.10;
				OTHER_SWIFT_FLAGS = "-DXcode";
				PRODUCT_NAME = "$(TARGET_NAME)";
				SDKROOT = macosx;
				SUPPORTED_PLATFORMS = "macosx iphoneos iphonesimulator appletvos appletvsimulator watchos watchsimulator";
				SWIFT_ACTIVE_COMPILATION_CONDITIONS = "$(inherited) SWIFT_PACKAGE";
				SWIFT_OPTIMIZATION_LEVEL = "-Owholemodule";
				USE_HEADERMAP = NO;
			};
			name = Release;
		};
		OBJ_43 /* Debug */ = {
			isa = XCBuildConfiguration;
			buildSettings = {
				LD = /usr/bin/true;
				OTHER_SWIFT_FLAGS = "-swift-version 5 -I $(TOOLCHAIN_DIR)/usr/lib/swift/pm/4_2 -target x86_64-apple-macosx10.10 -sdk /Applications/Xcode.app/Contents/Developer/Platforms/MacOSX.platform/Developer/SDKs/MacOSX10.14.sdk";
				SWIFT_VERSION = 5.0;
			};
			name = Debug;
		};
		OBJ_44 /* Release */ = {
			isa = XCBuildConfiguration;
			buildSettings = {
				LD = /usr/bin/true;
				OTHER_SWIFT_FLAGS = "-swift-version 5 -I $(TOOLCHAIN_DIR)/usr/lib/swift/pm/4_2 -target x86_64-apple-macosx10.10 -sdk /Applications/Xcode.app/Contents/Developer/Platforms/MacOSX.platform/Developer/SDKs/MacOSX10.14.sdk";
				SWIFT_VERSION = 5.0;
			};
			name = Release;
		};
		OBJ_49 /* Debug */ = {
			isa = XCBuildConfiguration;
			buildSettings = {
			};
			name = Debug;
		};
		OBJ_50 /* Release */ = {
			isa = XCBuildConfiguration;
			buildSettings = {
			};
			name = Release;
		};
		OBJ_54 /* Debug */ = {
			isa = XCBuildConfiguration;
			buildSettings = {
				CLANG_ENABLE_MODULES = YES;
				EMBEDDED_CONTENT_CONTAINS_SWIFT = YES;
				FRAMEWORK_SEARCH_PATHS = (
					"$(inherited)",
					"$(PLATFORM_DIR)/Developer/Library/Frameworks",
				);
				HEADER_SEARCH_PATHS = "$(inherited)";
				INFOPLIST_FILE = "ipa-parse.xcodeproj/ipa_parseTests_Info.plist";
				IPHONEOS_DEPLOYMENT_TARGET = 8.0;
				LD_RUNPATH_SEARCH_PATHS = "$(inherited) @loader_path/../Frameworks @loader_path/Frameworks";
				MACOSX_DEPLOYMENT_TARGET = 10.10;
				OTHER_CFLAGS = "$(inherited)";
				OTHER_LDFLAGS = "$(inherited)";
				OTHER_SWIFT_FLAGS = "$(inherited)";
				SWIFT_ACTIVE_COMPILATION_CONDITIONS = "$(inherited)";
				SWIFT_VERSION = 5.0;
				TARGET_NAME = "ipa-parseTests";
				TVOS_DEPLOYMENT_TARGET = 9.0;
				WATCHOS_DEPLOYMENT_TARGET = 2.0;
			};
			name = Debug;
		};
		OBJ_55 /* Release */ = {
			isa = XCBuildConfiguration;
			buildSettings = {
				CLANG_ENABLE_MODULES = YES;
				EMBEDDED_CONTENT_CONTAINS_SWIFT = YES;
				FRAMEWORK_SEARCH_PATHS = (
					"$(inherited)",
					"$(PLATFORM_DIR)/Developer/Library/Frameworks",
				);
				HEADER_SEARCH_PATHS = "$(inherited)";
				INFOPLIST_FILE = "ipa-parse.xcodeproj/ipa_parseTests_Info.plist";
				IPHONEOS_DEPLOYMENT_TARGET = 8.0;
				LD_RUNPATH_SEARCH_PATHS = "$(inherited) @loader_path/../Frameworks @loader_path/Frameworks";
				MACOSX_DEPLOYMENT_TARGET = 10.10;
				OTHER_CFLAGS = "$(inherited)";
				OTHER_LDFLAGS = "$(inherited)";
				OTHER_SWIFT_FLAGS = "$(inherited)";
				SWIFT_ACTIVE_COMPILATION_CONDITIONS = "$(inherited)";
				SWIFT_VERSION = 5.0;
				TARGET_NAME = "ipa-parseTests";
				TVOS_DEPLOYMENT_TARGET = 9.0;
				WATCHOS_DEPLOYMENT_TARGET = 2.0;
			};
			name = Release;
		};
/* End XCBuildConfiguration section */

/* Begin XCConfigurationList section */
		OBJ_2 /* Build configuration list for PBXProject "ipa-parse" */ = {
			isa = XCConfigurationList;
			buildConfigurations = (
				OBJ_3 /* Debug */,
				OBJ_4 /* Release */,
			);
			defaultConfigurationIsVisible = 0;
			defaultConfigurationName = Release;
		};
		OBJ_25 /* Build configuration list for PBXNativeTarget "IpaParserLib" */ = {
			isa = XCConfigurationList;
			buildConfigurations = (
				OBJ_26 /* Debug */,
				OBJ_27 /* Release */,
			);
			defaultConfigurationIsVisible = 0;
			defaultConfigurationName = Release;
		};
		OBJ_33 /* Build configuration list for PBXNativeTarget "ipa-parse" */ = {
			isa = XCConfigurationList;
			buildConfigurations = (
				OBJ_34 /* Debug */,
				OBJ_35 /* Release */,
			);
			defaultConfigurationIsVisible = 0;
			defaultConfigurationName = Release;
		};
		OBJ_42 /* Build configuration list for PBXNativeTarget "ipa-parsePackageDescription" */ = {
			isa = XCConfigurationList;
			buildConfigurations = (
				OBJ_43 /* Debug */,
				OBJ_44 /* Release */,
			);
			defaultConfigurationIsVisible = 0;
			defaultConfigurationName = Release;
		};
		OBJ_48 /* Build configuration list for PBXAggregateTarget "ipa-parsePackageTests" */ = {
			isa = XCConfigurationList;
			buildConfigurations = (
				OBJ_49 /* Debug */,
				OBJ_50 /* Release */,
			);
			defaultConfigurationIsVisible = 0;
			defaultConfigurationName = Release;
		};
		OBJ_53 /* Build configuration list for PBXNativeTarget "ipa-parseTests" */ = {
			isa = XCConfigurationList;
			buildConfigurations = (
				OBJ_54 /* Debug */,
				OBJ_55 /* Release */,
			);
			defaultConfigurationIsVisible = 0;
			defaultConfigurationName = Release;
		};
/* End XCConfigurationList section */
	};
	rootObject = OBJ_1 /* Project object */;
}
